
Microsoft Visual Studio Solution File, Format Version 12.00
# Visual Studio Version 17
VisualStudioVersion = 17.2.32802.462
MinimumVisualStudioVersion = 10.0.40219.1
Project("{9A19103F-16F7-4668-BE54-9A1E7A4F7556}") = "yjhl5z_9het", "yjhl5z_9het\yjhl5z_9het.csproj", "{C95CF294-24AD-4C8E-BB4E-7AE8D2C60036}"
EndProject
Project("{FAE04EC0-301F-11D3-BF4B-00C04F79EFBC}") = "excelgyak", "excelgyak\excelgyak.csproj", "{E864A732-6AD3-45F0-A472-CCBD701CD853}"
EndProject
Global
	GlobalSection(SolutionConfigurationPlatforms) = preSolution
		Debug|Any CPU = Debug|Any CPU
		Release|Any CPU = Release|Any CPU
	EndGlobalSection
	GlobalSection(ProjectConfigurationPlatforms) = postSolution
		{C95CF294-24AD-4C8E-BB4E-7AE8D2C60036}.Debug|Any CPU.ActiveCfg = Debug|Any CPU
		{C95CF294-24AD-4C8E-BB4E-7AE8D2C60036}.Debug|Any CPU.Build.0 = Debug|Any CPU
		{C95CF294-24AD-4C8E-BB4E-7AE8D2C60036}.Release|Any CPU.ActiveCfg = Release|Any CPU
		{C95CF294-24AD-4C8E-BB4E-7AE8D2C60036}.Release|Any CPU.Build.0 = Release|Any CPU
		{E864A732-6AD3-45F0-A472-CCBD701CD853}.Debug|Any CPU.ActiveCfg = Debug|Any CPU
		{E864A732-6AD3-45F0-A472-CCBD701CD853}.Debug|Any CPU.Build.0 = Debug|Any CPU
		{E864A732-6AD3-45F0-A472-CCBD701CD853}.Release|Any CPU.ActiveCfg = Release|Any CPU
		{E864A732-6AD3-45F0-A472-CCBD701CD853}.Release|Any CPU.Build.0 = Release|Any CPU
	EndGlobalSection
	GlobalSection(SolutionProperties) = preSolution
		HideSolutionNode = FALSE
	EndGlobalSection
	GlobalSection(ExtensibilityGlobals) = postSolution
		SolutionGuid = {9BDF3356-5CBF-4F46-85CE-34799BB22427}
	EndGlobalSection
EndGlobal
